
Microsoft Visual Studio Solution File, Format Version 12.00
# Visual Studio Version 16
VisualStudioVersion = 16.0.29509.3
MinimumVisualStudioVersion = 10.0.40219.1
Project("{8BC9CEB8-8B4A-11D0-8D11-00A0C91BC942}") = "Task1_String_length", "Task1_String_length\Task1_String_length.vcxproj", "{4E9DF5D7-B02F-4BC2-A701-A16C4CE690B3}"
EndProject
Project("{8BC9CEB8-8B4A-11D0-8D11-00A0C91BC942}") = "Task2_Average_salaries", "Task2_Average_salaries\Task2_Average_salaries.vcxproj", "{42CDA421-079E-4569-A939-B3A23E33A7FD}"
EndProject
Project("{8BC9CEB8-8B4A-11D0-8D11-00A0C91BC942}") = "Task3_Swap_sort_with_pointers", "Task3_Swap_sort_with_pointers\Task3_Swap_sort_with_pointers.vcxproj", "{600EBC19-58DB-4E5B-8D50-E5EC4C5BB6C0}"
EndProject
Project("{8BC9CEB8-8B4A-11D0-8D11-00A0C91BC942}") = "Task4_SwapSort_DoublePointers", "Task4_SwapSort_DoublePointers\Task4_SwapSort_DoublePointers.vcxproj", "{A1C3B9E0-6040-458A-B569-676D7ADE5B96}"
EndProject
Project("{8BC9CEB8-8B4A-11D0-8D11-00A0C91BC942}") = "Task5_Character_replacement_with_pointers", "Task5_Character_replacement_with_pointers\Task5_Character_replacement_with_pointers.vcxproj", "{07E65B90-6820-4740-8216-07599480E139}"
EndProject
Project("{8BC9CEB8-8B4A-11D0-8D11-00A0C91BC942}") = "Task6_Modular_vector_data_pointers", "Task6_Modular_vector_data_pointers\Task6_Modular_vector_data_pointers.vcxproj", "{F45B54B7-9A09-4175-9BE9-D320524E82AC}"
EndProject
Global
	GlobalSection(SolutionConfigurationPlatforms) = preSolution
		Debug|x64 = Debug|x64
		Debug|x86 = Debug|x86
		Release|x64 = Release|x64
		Release|x86 = Release|x86
	EndGlobalSection
	GlobalSection(ProjectConfigurationPlatforms) = postSolution
		{4E9DF5D7-B02F-4BC2-A701-A16C4CE690B3}.Debug|x64.ActiveCfg = Debug|x64
		{4E9DF5D7-B02F-4BC2-A701-A16C4CE690B3}.Debug|x64.Build.0 = Debug|x64
		{4E9DF5D7-B02F-4BC2-A701-A16C4CE690B3}.Debug|x86.ActiveCfg = Debug|Win32
		{4E9DF5D7-B02F-4BC2-A701-A16C4CE690B3}.Debug|x86.Build.0 = Debug|Win32
		{4E9DF5D7-B02F-4BC2-A701-A16C4CE690B3}.Release|x64.ActiveCfg = Release|x64
		{4E9DF5D7-B02F-4BC2-A701-A16C4CE690B3}.Release|x64.Build.0 = Release|x64
		{4E9DF5D7-B02F-4BC2-A701-A16C4CE690B3}.Release|x86.ActiveCfg = Release|Win32
		{4E9DF5D7-B02F-4BC2-A701-A16C4CE690B3}.Release|x86.Build.0 = Release|Win32
		{42CDA421-079E-4569-A939-B3A23E33A7FD}.Debug|x64.ActiveCfg = Debug|x64
		{42CDA421-079E-4569-A939-B3A23E33A7FD}.Debug|x64.Build.0 = Debug|x64
		{42CDA421-079E-4569-A939-B3A23E33A7FD}.Debug|x86.ActiveCfg = Debug|Win32
		{42CDA421-079E-4569-A939-B3A23E33A7FD}.Debug|x86.Build.0 = Debug|Win32
		{42CDA421-079E-4569-A939-B3A23E33A7FD}.Release|x64.ActiveCfg = Release|x64
		{42CDA421-079E-4569-A939-B3A23E33A7FD}.Release|x64.Build.0 = Release|x64
		{42CDA421-079E-4569-A939-B3A23E33A7FD}.Release|x86.ActiveCfg = Release|Win32
		{42CDA421-079E-4569-A939-B3A23E33A7FD}.Release|x86.Build.0 = Release|Win32
		{600EBC19-58DB-4E5B-8D50-E5EC4C5BB6C0}.Debug|x64.ActiveCfg = Debug|x64
		{600EBC19-58DB-4E5B-8D50-E5EC4C5BB6C0}.Debug|x64.Build.0 = Debug|x64
		{600EBC19-58DB-4E5B-8D50-E5EC4C5BB6C0}.Debug|x86.ActiveCfg = Debug|Win32
		{600EBC19-58DB-4E5B-8D50-E5EC4C5BB6C0}.Debug|x86.Build.0 = Debug|Win32
		{600EBC19-58DB-4E5B-8D50-E5EC4C5BB6C0}.Release|x64.ActiveCfg = Release|x64
		{600EBC19-58DB-4E5B-8D50-E5EC4C5BB6C0}.Release|x64.Build.0 = Release|x64
		{600EBC19-58DB-4E5B-8D50-E5EC4C5BB6C0}.Release|x86.ActiveCfg = Release|Win32
		{600EBC19-58DB-4E5B-8D50-E5EC4C5BB6C0}.Release|x86.Build.0 = Release|Win32
		{A1C3B9E0-6040-458A-B569-676D7ADE5B96}.Debug|x64.ActiveCfg = Debug|x64
		{A1C3B9E0-6040-458A-B569-676D7ADE5B96}.Debug|x64.Build.0 = Debug|x64
		{A1C3B9E0-6040-458A-B569-676D7ADE5B96}.Debug|x86.ActiveCfg = Debug|Win32
		{A1C3B9E0-6040-458A-B569-676D7ADE5B96}.Debug|x86.Build.0 = Debug|Win32
		{A1C3B9E0-6040-458A-B569-676D7ADE5B96}.Release|x64.ActiveCfg = Release|x64
		{A1C3B9E0-6040-458A-B569-676D7ADE5B96}.Release|x64.Build.0 = Release|x64
		{A1C3B9E0-6040-458A-B569-676D7ADE5B96}.Release|x86.ActiveCfg = Release|Win32
		{A1C3B9E0-6040-458A-B569-676D7ADE5B96}.Release|x86.Build.0 = Release|Win32
		{07E65B90-6820-4740-8216-07599480E139}.Debug|x64.ActiveCfg = Debug|x64
		{07E65B90-6820-4740-8216-07599480E139}.Debug|x64.Build.0 = Debug|x64
		{07E65B90-6820-4740-8216-07599480E139}.Debug|x86.ActiveCfg = Debug|Win32
		{07E65B90-6820-4740-8216-07599480E139}.Debug|x86.Build.0 = Debug|Win32
		{07E65B90-6820-4740-8216-07599480E139}.Release|x64.ActiveCfg = Release|x64
		{07E65B90-6820-4740-8216-07599480E139}.Release|x64.Build.0 = Release|x64
		{07E65B90-6820-4740-8216-07599480E139}.Release|x86.ActiveCfg = Release|Win32
		{07E65B90-6820-4740-8216-07599480E139}.Release|x86.Build.0 = Release|Win32
		{F45B54B7-9A09-4175-9BE9-D320524E82AC}.Debug|x64.ActiveCfg = Debug|x64
		{F45B54B7-9A09-4175-9BE9-D320524E82AC}.Debug|x64.Build.0 = Debug|x64
		{F45B54B7-9A09-4175-9BE9-D320524E82AC}.Debug|x86.ActiveCfg = Debug|Win32
		{F45B54B7-9A09-4175-9BE9-D320524E82AC}.Debug|x86.Build.0 = Debug|Win32
		{F45B54B7-9A09-4175-9BE9-D320524E82AC}.Release|x64.ActiveCfg = Release|x64
		{F45B54B7-9A09-4175-9BE9-D320524E82AC}.Release|x64.Build.0 = Release|x64
		{F45B54B7-9A09-4175-9BE9-D320524E82AC}.Release|x86.ActiveCfg = Release|Win32
		{F45B54B7-9A09-4175-9BE9-D320524E82AC}.Release|x86.Build.0 = Release|Win32
	EndGlobalSection
	GlobalSection(SolutionProperties) = preSolution
		HideSolutionNode = FALSE
	EndGlobalSection
	GlobalSection(ExtensibilityGlobals) = postSolution
		SolutionGuid = {726BC92D-D2D3-44D7-9E50-D9F769360C91}
	EndGlobalSection
EndGlobal
